{
  "name": "xiaoo",
  "lockfileVersion": 3,
  "requires": true,
  "packages": {
    "": {
      "dependencies": {
        "lodash": "^4.17.21"
      }
    },
    "node_modules/lodash": {
      "version": "4.17.21",
      "resolved": "https://registry.npmjs.org/lodash/-/lodash-4.17.21.tgz",
      "integrity": "sha512-v2kDEe57icyTtlm4il/RCO6OC+bbJtcki49f5bIX2xQPC2zfU9S6FSSVahM1qrqrJjYkeq7dfMrAFtCgIeMQ==",
      "license": "MIT"
    }
  }
}
